# This file is autogenerated, do not edit; changes may be undone by the next 'dep ensure'.


[[projects]]
  digest = "1:beecb1a4d7c58eefef91ee32c9bc311dde58612af6dca3b626fd37b3bddc3706"
  name = "github.com/Shopify/sarama"
  packages = ["."]
  pruneopts = "T"
  revision = "ec843464b50d4c8b56403ec9d589cf41ea30e722"
  version = "v1.19.0"

[[projects]]
  branch = "master"
  digest = "1:a3dc6cab4b3cc5e3a75f41b99b25a441138887ca26e5cea98544f6c480df62bc"
  name = "github.com/TIBCOSoftware/flogo-contrib"
  packages = [
    "action/flow",
    "action/flow/definition",
    "action/flow/event",
    "action/flow/instance",
    "action/flow/linker",
    "action/flow/model",
    "action/flow/model/simple",
    "action/flow/service",
    "action/flow/support",
    "action/flow/tester",
    "action/flow/util",
    "activity/log",
    "model/simple",
    "model/simple/behaviors",
    "trigger/rest",
    "trigger/rest/cors",
  ]
  pruneopts = "T"
  revision = "6968ae317d9decb89152a4e61c5e15249244c658"

[[projects]]
  branch = "master"
  digest = "1:5b0a4b2ab6cfe7f6112f65d16b13837a64ce5f50f96d04b9d8c587fbb6c901b5"
  name = "github.com/TIBCOSoftware/flogo-lib"
  packages = [
    "app",
    "app/resource",
    "config",
    "core/action",
    "core/activity",
    "core/data",
    "core/event",
    "core/mapper",
    "core/mapper/assign",
    "core/mapper/exprmapper",
    "core/mapper/exprmapper/expression",
    "core/mapper/exprmapper/expression/direction",
    "core/mapper/exprmapper/expression/expr",
    "core/mapper/exprmapper/expression/function",
    "core/mapper/exprmapper/expression/gocc/errors",
    "core/mapper/exprmapper/expression/gocc/lexer",
    "core/mapper/exprmapper/expression/gocc/parser",
    "core/mapper/exprmapper/expression/gocc/token",
    "core/mapper/exprmapper/funcexprtype",
    "core/mapper/exprmapper/function/array/length",
    "core/mapper/exprmapper/function/number/random",
    "core/mapper/exprmapper/function/string/concat",
    "core/mapper/exprmapper/function/string/equals",
    "core/mapper/exprmapper/function/string/equalsignorecase",
    "core/mapper/exprmapper/function/string/length",
    "core/mapper/exprmapper/function/string/substring",
    "core/mapper/exprmapper/json",
    "core/mapper/exprmapper/json/field",
    "core/mapper/exprmapper/ref",
    "core/trigger",
    "engine",
    "engine/channels",
    "engine/runner",
    "logger",
    "util",
    "util/managed",
  ]
  pruneopts = "T"
  revision = "e41193f633ccf7e9997e4d4a141291ea70356404"

[[projects]]
  branch = "master"
  digest = "1:681883b9a134e76058ce271a00d4d28cab623eb4262e25998ac17c8d22a51da0"
  name = "github.com/apache/thrift"
  packages = ["lib/go/thrift"]
  pruneopts = "T"
  revision = "9ee29516c419b7eaa95ed89a93b135ea1c683576"

[[projects]]
  branch = "master"
  digest = "1:4c4c33075b704791d6a7f09dfb55c66769e8a1dc6adf87026292d274fe8ad113"
  name = "github.com/codahale/hdrhistogram"
  packages = ["."]
  pruneopts = "T"
  revision = "3a0bb77429bd3a61596f5e8a3172445844342120"

[[projects]]
  digest = "1:9f42202ac457c462ad8bb9642806d275af9ab4850cf0b1960b9c6f083d4a309a"
  name = "github.com/davecgh/go-spew"
  packages = ["spew"]
  pruneopts = "T"
  revision = "8991bc29aa16c548c550c7ff78260e27b9ab7c73"
  version = "v1.1.1"

[[projects]]
  digest = "1:bd6e6dc5db19ccd7c2356a86e180960f266ed12be1a58ffba88c3399ce205781"
  name = "github.com/eapache/go-resiliency"
  packages = ["breaker"]
  pruneopts = "T"
  revision = "ea41b0fad31007accc7f806884dcdf3da98b79ce"
  version = "v1.1.0"

[[projects]]
  branch = "master"
  digest = "1:5b9eecdd952ee665ce94669cd1074c4fe5fb389a1095a42133ed0ad7ce1e81bd"
  name = "github.com/eapache/go-xerial-snappy"
  packages = ["."]
  pruneopts = "T"
  revision = "776d5712da21bc4762676d614db1d8a64f4238b0"

[[projects]]
  digest = "1:444b82bfe35c83bbcaf84e310fb81a1f9ece03edfed586483c869e2c046aef69"
  name = "github.com/eapache/queue"
  packages = ["."]
  pruneopts = "T"
  revision = "44cc805cf13205b55f69e14bcb69867d1ae92f98"
  version = "v1.1.0"

[[projects]]
  digest = "1:31a18dae27a29aa074515e43a443abfd2ba6deb6d69309d8d7ce789c45f34659"
  name = "github.com/go-logfmt/logfmt"
  packages = ["."]
  pruneopts = "T"
  revision = "390ab7935ee28ec6b286364bba9b4dd6410cb3d5"
  version = "v0.3.0"

[[projects]]
  digest = "1:da39f4a22829ca95e63566208e0ea42d6f055f41dff1b14fdab88d88f62df653"
  name = "github.com/gogo/protobuf"
  packages = ["proto"]
  pruneopts = "T"
  revision = "636bf0302bc95575d69441b25a2603156ffdddf1"
  version = "v1.1.1"

[[projects]]
  branch = "master"
  digest = "1:6027b20c168728321bd99ad01f35118eded457b01c03e647a84833ab331f2f5b"
  name = "github.com/golang/snappy"
  packages = ["."]
  pruneopts = "T"
  revision = "2e65f85255dbc3072edf28d6b5b8efc472979f5a"

[[projects]]
  branch = "master"
  digest = "1:382c217b79183394daf575d58bb5cb4a4626a92a278e1ed65c78a4a45e0f4bf6"
  name = "github.com/julienschmidt/httprouter"
  packages = ["."]
  pruneopts = "T"
  revision = "26a05976f9bf5c3aa992cc20e8588c359418ee58"

[[projects]]
  branch = "master"
  digest = "1:a64e323dc06b73892e5bb5d040ced475c4645d456038333883f58934abbf6f72"
  name = "github.com/kr/logfmt"
  packages = ["."]
  pruneopts = "T"
  revision = "b84e30acd515aadc4b783ad4ff83aff3299bdfe0"

[[projects]]
  branch = "master"
  digest = "1:2da0e5077ed40453dc281b9a2428d84cf6ad14063aed189f6296ca5dd25cf13d"
  name = "github.com/opentracing-contrib/go-observer"
  packages = ["."]
  pruneopts = "T"
  revision = "a52f2342449246d5bcc273e65cbdcfa5f7d6c63c"

[[projects]]
  branch = "master"
  digest = "1:434c5052422c04bb1ad53731c9a0eefed373759380a3fea73c4af0fbaee9662d"
  name = "github.com/opentracing/opentracing-go"
  packages = [
    ".",
    "ext",
    "log",
  ]
  pruneopts = "T"
  revision = "be550b025b433cdfa2f11efb962afa2ea3c4d967"

[[projects]]
  digest = "1:3608dc9db41ba5027a5c7394f4ba021b77ef6481bb9cf2fdcaccc8b3de4bd249"
  name = "github.com/openzipkin-contrib/zipkin-go-opentracing"
  packages = ["."]
  pruneopts = "T"
  revision = "26cf9707480e6b90e5eff22cf0bbf05319154232"
  version = "v0.3.4"

[[projects]]
  digest = "1:3608dc9db41ba5027a5c7394f4ba021b77ef6481bb9cf2fdcaccc8b3de4bd249"
  name = "github.com/openzipkin/zipkin-go-opentracing"
  packages = [
    "flag",
    "thrift/gen-go/scribe",
    "thrift/gen-go/zipkincore",
    "types",
    "wire",
  ]
  pruneopts = "T"
  revision = "26cf9707480e6b90e5eff22cf0bbf05319154232"
  version = "v0.3.4"

[[projects]]
  digest = "1:4ee52113c50147acd9708daa4425b17ef0e68a948735e0cc46f0c6583f7b9888"
  name = "github.com/pierrec/lz4"
  packages = [
    ".",
    "internal/xxh32",
  ]
  pruneopts = "T"
  revision = "635575b42742856941dbc767b44905bb9ba083f6"
  version = "v2.0.7"

[[projects]]
  branch = "master"
  digest = "1:4e1e0e562188a53d5301f2ce0590c1de08ec8820f508fc25cac37ea439e6a914"
  name = "github.com/rcrowley/go-metrics"
  packages = ["."]
  pruneopts = "T"
  revision = "3113b8401b8a98917cde58f8bbd42a1b1c03b1fd"

[[projects]]
  digest = "1:a89b729a9a07a05a171d5a68402feceba69245d00e6dc7912ca2dbc98036ea06"
  name = "github.com/sirupsen/logrus"
  packages = ["."]
  pruneopts = "T"
  revision = "418b41d23a1bf978c06faea5313ba194650ac088"
  version = "v0.8.7"

[[projects]]
  branch = "sleep"
  digest = "1:e7fb52151502b09f8fbffdcfcab53e21298749e5589c639659973c5b3f34a929"
  name = "github.com/square-it/flogo-contrib-activities"
  packages = ["sleep"]
  pruneopts = "T"
  revision = "b9dee218a352ae053c336d08f97e758c238bcef6"
  source = "github.com/debovema/flogo-contrib-activities"

[[projects]]
  digest = "1:d70f1565cfe77b81cd82773ff430e6f85de41658536ef70949a65643f7a5b374"
  name = "github.com/uber/jaeger-client-go"
  packages = [
    ".",
    "internal/baggage",
    "internal/spanlog",
    "log",
    "thrift-gen/agent",
    "thrift-gen/jaeger",
    "thrift-gen/sampling",
    "thrift-gen/zipkincore",
    "transport",
    "utils",
  ]
  pruneopts = "T"
  revision = "f54d8ece0a66e3db6a9247e946eb1e2bd79029ea"
  version = "v2.11.1"

[[projects]]
  digest = "1:41dc72409889b32146e65e010bec6074a5302b34531b3128c2d453b5da022767"
  name = "github.com/uber/jaeger-lib"
  packages = ["metrics"]
  pruneopts = "T"
  revision = "ed3a127ec5fef7ae9ea95b01b542c47fbd999ce5"
  version = "v1.5.0"

[solve-meta]
  analyzer-name = "dep"
  analyzer-version = 1
  input-imports = [
    "github.com/TIBCOSoftware/flogo-contrib/action/flow",
    "github.com/TIBCOSoftware/flogo-contrib/action/flow/event",
    "github.com/TIBCOSoftware/flogo-contrib/activity/log",
    "github.com/TIBCOSoftware/flogo-contrib/trigger/rest",
    "github.com/TIBCOSoftware/flogo-lib/app",
    "github.com/TIBCOSoftware/flogo-lib/core/event",
    "github.com/TIBCOSoftware/flogo-lib/engine",
    "github.com/TIBCOSoftware/flogo-lib/logger",
    "github.com/apache/thrift/lib/go/thrift",
    "github.com/opentracing/opentracing-go",
    "github.com/openzipkin-contrib/zipkin-go-opentracing",
    "github.com/square-it/flogo-contrib-activities/sleep",
    "github.com/uber/jaeger-client-go",
    "github.com/uber/jaeger-client-go/transport",
  ]
  solver-name = "gps-cdcl"
  solver-version = 1
