# This file is autogenerated, do not edit; changes may be undone by the next 'dep ensure'.


[[projects]]
  digest = "1:179d773c37dd1f70f26c946e6a45e2972da05e032b90db1cf3279b9625756d2e"
  name = "github.com/Sirupsen/logrus"
  packages = ["."]
  pruneopts = "T"
  revision = "ad15b42461921f1fb3529b058c6786c6a45d5162"
  version = "v1.1.1"

[[projects]]
  branch = "flow-audit-events"
  digest = "1:3e0c163a4eae2ebc842c3f2ed04d21b9a5c86c30d8f45dfea2a5e4e9489a7158"
  name = "github.com/TIBCOSoftware/flogo-contrib"
  packages = [
    "action/flow/definition",
    "action/flow/instance",
    "action/flow/linker",
    "action/flow/model",
    "action/flow/service",
    "action/flow/support",
    "action/flow/util",
  ]
  pruneopts = "T"
  revision = "4f6601b857790a19e297c5bda5c8d0b94992ff5b"

[[projects]]
  digest = "1:c795750ff4c50bfea6bf43f819d03d50920e0b618bf55e58033f77ff84061418"
  name = "github.com/TIBCOSoftware/flogo-lib"
  packages = [
    "app",
    "app/resource",
    "config",
    "core/action",
    "core/activity",
    "core/data",
    "core/mapper",
    "core/mapper/exprmapper",
    "core/mapper/exprmapper/expression",
    "core/mapper/exprmapper/expression/direction",
    "core/mapper/exprmapper/expression/expr",
    "core/mapper/exprmapper/expression/function",
    "core/mapper/exprmapper/expression/gocc/errors",
    "core/mapper/exprmapper/expression/gocc/lexer",
    "core/mapper/exprmapper/expression/gocc/parser",
    "core/mapper/exprmapper/expression/gocc/token",
    "core/mapper/exprmapper/funcexprtype",
    "core/mapper/exprmapper/function/array/length",
    "core/mapper/exprmapper/function/number/random",
    "core/mapper/exprmapper/function/string/concat",
    "core/mapper/exprmapper/function/string/equals",
    "core/mapper/exprmapper/function/string/equalsignorecase",
    "core/mapper/exprmapper/function/string/length",
    "core/mapper/exprmapper/function/string/substring",
    "core/mapper/exprmapper/json",
    "core/mapper/exprmapper/json/field",
    "core/mapper/exprmapper/ref",
    "core/trigger",
    "logger",
    "util",
    "util/managed",
  ]
  pruneopts = "T"
  revision = "c80a5611b40f778c8b88a71f76609e843a2bfc1a"
  version = "v0.5.6"

[[projects]]
  digest = "1:0a69a1c0db3591fcefb47f115b224592c8dfa4368b7ba9fae509d5e16cdc95c8"
  name = "github.com/konsorten/go-windows-terminal-sequences"
  packages = ["."]
  pruneopts = "T"
  revision = "5c8c8bd35d3832f5d134ae1e1e375b69a4d25242"
  version = "v1.0.1"

[[projects]]
  branch = "master"
  digest = "1:56a43b9f51e5c5ea734e866b82d57c842b022c795a0611ff5f57f3d7c47de45d"
  name = "golang.org/x/crypto"
  packages = ["ssh/terminal"]
  pruneopts = "T"
  revision = "0c41d7ab0a0ee717d4590a44bcb987dfd9e183eb"

[[projects]]
  branch = "master"
  digest = "1:bfd82e5d371481eff9c9653181f398061479c35bc3be2a5bd5f017c9c8b5c894"
  name = "golang.org/x/sys"
  packages = [
    "unix",
    "windows",
  ]
  pruneopts = "T"
  revision = "fa43e7bc11baaae89f3f902b2b4d832b68234844"

[solve-meta]
  analyzer-name = "dep"
  analyzer-version = 1
  input-imports = ["github.com/TIBCOSoftware/flogo-contrib/action/flow/instance"]
  solver-name = "gps-cdcl"
  solver-version = 1
